<Solution>
  <Folder Name="/Solution Items/">
    <File Path="Directory.Build.props" />
    <File Path="Directory.Packages.props" />
    <File Path="global.json" />
    <File Path="README.md" />
  </Folder>
  <Folder Name="/src/" />
  <Folder Name="/src/AppHost/">
    <Project Path="src/AppHost/TenantAuth.AppHost.csproj" />
  </Folder>
  <Folder Name="/src/Identity/">
    <Project Path="TenantAuth.Identity/TenantAuth.Identity.csproj" />
  </Folder>
  <Folder Name="/src/ServiceDefaults/">
    <Project Path="src/ServiceDefaults/TenantAuth.ServiceDefaults.csproj" />
  </Folder>
</Solution>
